
Microsoft Visual Studio Solution File, Format Version 12.00
# Visual Studio 15
VisualStudioVersion = 15.0.27428.2037
MinimumVisualStudioVersion = 10.0.40219.1
Project("{FAE04EC0-301F-11D3-BF4B-00C04F79EFBC}") = "day1_homework", "day1_homework.csproj", "{FFBDBE0D-454C-4CDC-A3AE-6A73EB807F71}"
EndProject
Global
	GlobalSection(SolutionConfigurationPlatforms) = preSolution
		Debug|Any CPU = Debug|Any CPU
		Release|Any CPU = Release|Any CPU
	EndGlobalSection
	GlobalSection(ProjectConfigurationPlatforms) = postSolution
		{FFBDBE0D-454C-4CDC-A3AE-6A73EB807F71}.Debug|Any CPU.ActiveCfg = Debug|Any CPU
		{FFBDBE0D-454C-4CDC-A3AE-6A73EB807F71}.Debug|Any CPU.Build.0 = Debug|Any CPU
		{FFBDBE0D-454C-4CDC-A3AE-6A73EB807F71}.Release|Any CPU.ActiveCfg = Release|Any CPU
		{FFBDBE0D-454C-4CDC-A3AE-6A73EB807F71}.Release|Any CPU.Build.0 = Release|Any CPU
	EndGlobalSection
	GlobalSection(SolutionProperties) = preSolution
		HideSolutionNode = FALSE
	EndGlobalSection
	GlobalSection(ExtensibilityGlobals) = postSolution
		SolutionGuid = {3D0A52A2-02EF-4EA0-BEFC-F36A4B820650}
	EndGlobalSection
EndGlobal
